// !$*UTF8*$!
{
	archiveVersion = 1;
	classes = {
	};
	objectVersion = 77;
	objects = {

/* Begin PBXBuildFile section */
		CD23F77E2F207D1100C84427 /* ComposableArchitecture in Frameworks */ = {isa = PBXBuildFile; productRef = CD23F77D2F207D1100C84427 /* ComposableArchitecture */; };
/* End PBXBuildFile section */

/* Begin PBXContainerItemProxy section */
		CD23F72B2F2026C400C84427 /* PBXContainerItemProxy */ = {
			isa = PBXContainerItemProxy;
			containerPortal = CD23F7112F2026C300C84427 /* Project object */;
			proxyType = 1;
			remoteGlobalIDString = CD23F7182F2026C300C84427;
			remoteInfo = "Spaced-Repetition";
		};
		CD23F7352F2026C400C84427 /* PBXContainerItemProxy */ = {
			isa = PBXContainerItemProxy;
			containerPortal = CD23F7112F2026C300C84427 /* Project object */;
			proxyType = 1;
			remoteGlobalIDString = CD23F7182F2026C300C84427;
			remoteInfo = "Spaced-Repetition";
		};
/* End PBXContainerItemProxy section */

/* Begin PBXFileReference section */
		CD23F7192F2026C300C84427 /* Spaced-Repetition.app */ = {isa = PBXFileReference; explicitFileType = wrapper.application; includeInIndex = 0; path = "Spaced-Repetition.app"; sourceTree = BUILT_PRODUCTS_DIR; };
		CD23F72A2F2026C400C84427 /* Spaced-RepetitionTests.xctest */ = {isa = PBXFileReference; explicitFileType = wrapper.cfbundle; includeInIndex = 0; path = "Spaced-RepetitionTests.xctest"; sourceTree = BUILT_PRODUCTS_DIR; };
		CD23F7342F2026C400C84427 /* Spaced-RepetitionUITests.xctest */ = {isa = PBXFileReference; explicitFileType = wrapper.cfbundle; includeInIndex = 0; path = "Spaced-RepetitionUITests.xctest"; sourceTree = BUILT_PRODUCTS_DIR; };
/* End PBXFileReference section */

/* Begin PBXFileSystemSynchronizedBuildFileExceptionSet section */
		CD23F73C2F2026C400C84427 /* Exceptions for "Spaced-Repetition" folder in "Spaced-Repetition" target */ = {
			isa = PBXFileSystemSynchronizedBuildFileExceptionSet;
			membershipExceptions = (
				Info.plist,
			);
			target = CD23F7182F2026C300C84427 /* Spaced-Repetition */;
		};
/* End PBXFileSystemSynchronizedBuildFileExceptionSet section */

/* Begin PBXFileSystemSynchronizedRootGroup section */
		CD23F71B2F2026C300C84427 /* Spaced-Repetition */ = {
			isa = PBXFileSystemSynchronizedRootGroup;
			exceptions = (
				CD23F73C2F2026C400C84427 /* Exceptions for "Spaced-Repetition" folder in "Spaced-Repetition" target */,
			);
			path = "Spaced-Repetition";
			sourceTree = "<group>";
		};
		CD23F72D2F2026C400C84427 /* Spaced-RepetitionTests */ = {
			isa = PBXFileSystemSynchronizedRootGroup;
			path = "Spaced-RepetitionTests";
			sourceTree = "<group>";
		};
		CD23F7372F2026C400C84427 /* Spaced-RepetitionUITests */ = {
			isa = PBXFileSystemSynchronizedRootGroup;
			path = "Spaced-RepetitionUITests";
			sourceTree = "<group>";
		};
/* End PBXFileSystemSynchronizedRootGroup section */

/* Begin PBXFrameworksBuildPhase section */
		CD23F7162F2026C300C84427 /* Frameworks */ = {
			isa = PBXFrameworksBuildPhase;
			buildActionMask = 2147483647;
			files = (
				CD23F77E2F207D1100C84427 /* ComposableArchitecture in Frameworks */,
			);
			runOnlyForDeploymentPostprocessing = 0;
		};
		CD23F7272F2026C400C84427 /* Frameworks */ = {
			isa = PBXFrameworksBuildPhase;
			buildActionMask = 2147483647;
			files = (
			);
			runOnlyForDeploymentPostprocessing = 0;
		};
		CD23F7312F2026C400C84427 /* Frameworks */ = {
			isa = PBXFrameworksBuildPhase;
			buildActionMask = 2147483647;
			files = (
			);
			runOnlyForDeploymentPostprocessing = 0;
		};
/* End PBXFrameworksBuildPhase section */

/* Begin PBXGroup section */
		CD23F7102F2026C200C84427 = {
			isa = PBXGroup;
			children = (
				CD23F71B2F2026C300C84427 /* Spaced-Repetition */,
				CD23F72D2F2026C400C84427 /* Spaced-RepetitionTests */,
				CD23F7372F2026C400C84427 /* Spaced-RepetitionUITests */,
				CD23F77C2F207D1100C84427 /* Frameworks */,
				CD23F71A2F2026C300C84427 /* Products */,
			);
			sourceTree = "<group>";
		};
		CD23F71A2F2026C300C84427 /* Products */ = {
			isa = PBXGroup;
			children = (
				CD23F7192F2026C300C84427 /* Spaced-Repetition.app */,
				CD23F72A2F2026C400C84427 /* Spaced-RepetitionTests.xctest */,
				CD23F7342F2026C400C84427 /* Spaced-RepetitionUITests.xctest */,
			);
			name = Products;
			sourceTree = "<group>";
		};
		CD23F77C2F207D1100C84427 /* Frameworks */ = {
			isa = PBXGroup;
			children = (
			);
			name = Frameworks;
			sourceTree = "<group>";
		};
/* End PBXGroup section */

/* Begin PBXNativeTarget section */
		CD23F7182F2026C300C84427 /* Spaced-Repetition */ = {
			isa = PBXNativeTarget;
			buildConfigurationList = CD23F73D2F2026C400C84427 /* Build configuration list for PBXNativeTarget "Spaced-Repetition" */;
			buildPhases = (
				CD23F7152F2026C300C84427 /* Sources */,
				CD23F7162F2026C300C84427 /* Frameworks */,
				CD23F7172F2026C300C84427 /* Resources */,
			);
			buildRules = (
			);
			dependencies = (
			);
			fileSystemSynchronizedGroups = (
				CD23F71B2F2026C300C84427 /* Spaced-Repetition */,
			);
			name = "Spaced-Repetition";
			packageProductDependencies = (
				CD23F77D2F207D1100C84427 /* ComposableArchitecture */,
			);
			productName = "Spaced-Repetition";
			productReference = CD23F7192F2026C300C84427 /* Spaced-Repetition.app */;
			productType = "com.apple.product-type.application";
		};
		CD23F7292F2026C400C84427 /* Spaced-RepetitionTests */ = {
			isa = PBXNativeTarget;
			buildConfigurationList = CD23F7422F2026C400C84427 /* Build configuration list for PBXNativeTarget "Spaced-RepetitionTests" */;
			buildPhases = (
				CD23F7262F2026C400C84427 /* Sources */,
				CD23F7272F2026C400C84427 /* Frameworks */,
				CD23F7282F2026C400C84427 /* Resources */,
			);
			buildRules = (
			);
			dependencies = (
				CD23F72C2F2026C400C84427 /* PBXTargetDependency */,
			);
			fileSystemSynchronizedGroups = (
				CD23F72D2F2026C400C84427 /* Spaced-RepetitionTests */,
			);
			name = "Spaced-RepetitionTests";
			packageProductDependencies = (
			);
			productName = "Spaced-RepetitionTests";
			productReference = CD23F72A2F2026C400C84427 /* Spaced-RepetitionTests.xctest */;
			productType = "com.apple.product-type.bundle.unit-test";
		};
		CD23F7332F2026C400C84427 /* Spaced-RepetitionUITests */ = {
			isa = PBXNativeTarget;
			buildConfigurationList = CD23F7452F2026C400C84427 /* Build configuration list for PBXNativeTarget "Spaced-RepetitionUITests" */;
			buildPhases = (
				CD23F7302F2026C400C84427 /* Sources */,
				CD23F7312F2026C400C84427 /* Frameworks */,
				CD23F7322F2026C400C84427 /* Resources */,
			);
			buildRules = (
			);
			dependencies = (
				CD23F7362F2026C400C84427 /* PBXTargetDependency */,
			);
			fileSystemSynchronizedGroups = (
				CD23F7372F2026C400C84427 /* Spaced-RepetitionUITests */,
			);
			name = "Spaced-RepetitionUITests";
			packageProductDependencies = (
			);
			productName = "Spaced-RepetitionUITests";
			productReference = CD23F7342F2026C400C84427 /* Spaced-RepetitionUITests.xctest */;
			productType = "com.apple.product-type.bundle.ui-testing";
		};
/* End PBXNativeTarget section */

/* Begin PBXProject section */
		CD23F7112F2026C300C84427 /* Project object */ = {
			isa = PBXProject;
			attributes = {
				BuildIndependentTargetsInParallel = 1;
				LastSwiftUpdateCheck = 2620;
				LastUpgradeCheck = 2620;
				TargetAttributes = {
					CD23F7182F2026C300C84427 = {
						CreatedOnToolsVersion = 26.2;
					};
					CD23F7292F2026C400C84427 = {
						CreatedOnToolsVersion = 26.2;
						TestTargetID = CD23F7182F2026C300C84427;
					};
					CD23F7332F2026C400C84427 = {
						CreatedOnToolsVersion = 26.2;
						TestTargetID = CD23F7182F2026C300C84427;
					};
				};
			};
			buildConfigurationList = CD23F7142F2026C300C84427 /* Build configuration list for PBXProject "Spaced-Repetition" */;
			developmentRegion = en;
			hasScannedForEncodings = 0;
			knownRegions = (
				en,
				Base,
			);
			mainGroup = CD23F7102F2026C200C84427;
			minimizedProjectReferenceProxies = 1;
			packageReferences = (
				CD23F77B2F207C4F00C84427 /* XCRemoteSwiftPackageReference "swift-composable-architecture" */,
			);
			preferredProjectObjectVersion = 77;
			productRefGroup = CD23F71A2F2026C300C84427 /* Products */;
			projectDirPath = "";
			projectRoot = "";
			targets = (
				CD23F7182F2026C300C84427 /* Spaced-Repetition */,
				CD23F7292F2026C400C84427 /* Spaced-RepetitionTests */,
				CD23F7332F2026C400C84427 /* Spaced-RepetitionUITests */,
			);
		};
/* End PBXProject section */

/* Begin PBXResourcesBuildPhase section */
		CD23F7172F2026C300C84427 /* Resources */ = {
			isa = PBXResourcesBuildPhase;
			buildActionMask = 2147483647;
			files = (
			);
			runOnlyForDeploymentPostprocessing = 0;
		};
		CD23F7282F2026C400C84427 /* Resources */ = {
			isa = PBXResourcesBuildPhase;
			buildActionMask = 2147483647;
			files = (
			);
			runOnlyForDeploymentPostprocessing = 0;
		};
		CD23F7322F2026C400C84427 /* Resources */ = {
			isa = PBXResourcesBuildPhase;
			buildActionMask = 2147483647;
			files = (
			);
			runOnlyForDeploymentPostprocessing = 0;
		};
/* End PBXResourcesBuildPhase section */

/* Begin PBXSourcesBuildPhase section */
		CD23F7152F2026C300C84427 /* Sources */ = {
			isa = PBXSourcesBuildPhase;
			buildActionMask = 2147483647;
			files = (
			);
			runOnlyForDeploymentPostprocessing = 0;
		};
		CD23F7262F2026C400C84427 /* Sources */ = {
			isa = PBXSourcesBuildPhase;
			buildActionMask = 2147483647;
			files = (
			);
			runOnlyForDeploymentPostprocessing = 0;
		};
		CD23F7302F2026C400C84427 /* Sources */ = {
			isa = PBXSourcesBuildPhase;
			buildActionMask = 2147483647;
			files = (
			);
			runOnlyForDeploymentPostprocessing = 0;
		};
/* End PBXSourcesBuildPhase section */

/* Begin PBXTargetDependency section */
		CD23F72C2F2026C400C84427 /* PBXTargetDependency */ = {
			isa = PBXTargetDependency;
			target = CD23F7182F2026C300C84427 /* Spaced-Repetition */;
			targetProxy = CD23F72B2F2026C400C84427 /* PBXContainerItemProxy */;
		};
		CD23F7362F2026C400C84427 /* PBXTargetDependency */ = {
			isa = PBXTargetDependency;
			target = CD23F7182F2026C300C84427 /* Spaced-Repetition */;
			targetProxy = CD23F7352F2026C400C84427 /* PBXContainerItemProxy */;
		};
/* End PBXTargetDependency section */

/* Begin XCBuildConfiguration section */
		CD23F73E2F2026C400C84427 /* Debug */ = {
			isa = XCBuildConfiguration;
			buildSettings = {
				ASSETCATALOG_COMPILER_APPICON_NAME = AppIcon;
				ASSETCATALOG_COMPILER_GLOBAL_ACCENT_COLOR_NAME = AccentColor;
				CODE_SIGN_ENTITLEMENTS = "Spaced-Repetition/Spaced_Repetition.entitlements";
				CODE_SIGN_STYLE = Automatic;
				CURRENT_PROJECT_VERSION = 1;
				DEVELOPMENT_TEAM = S65C86TGF9;
				ENABLE_PREVIEWS = YES;
				GENERATE_INFOPLIST_FILE = YES;
				INFOPLIST_FILE = "Spaced-Repetition/Info.plist";
				INFOPLIST_KEY_UIApplicationSceneManifest_Generation = YES;
				INFOPLIST_KEY_UIApplicationSupportsIndirectInputEvents = YES;
				INFOPLIST_KEY_UILaunchScreen_Generation = YES;
				INFOPLIST_KEY_UISupportedInterfaceOrientations_iPad = "UIInterfaceOrientationPortrait UIInterfaceOrientationPortraitUpsideDown UIInterfaceOrientationLandscapeLeft UIInterfaceOrientationLandscapeRight";
				INFOPLIST_KEY_UISupportedInterfaceOrientations_iPhone = "UIInterfaceOrientationPortrait UIInterfaceOrientationLandscapeLeft UIInterfaceOrientationLandscapeRight";
				LD_RUNPATH_SEARCH_PATHS = (
					"$(inherited)",
					"@executable_path/Frameworks",
				);
				MARKETING_VERSION = 1.0;
				PRODUCT_BUNDLE_IDENTIFIER = "com.patrick.Spaced-Repetition";
				PRODUCT_NAME = "$(TARGET_NAME)";
				STRING_CATALOG_GENERATE_SYMBOLS = YES;
				SWIFT_APPROACHABLE_CONCURRENCY = YES;
				SWIFT_DEFAULT_ACTOR_ISOLATION = MainActor;
				SWIFT_EMIT_LOC_STRINGS = YES;
				SWIFT_UPCOMING_FEATURE_MEMBER_IMPORT_VISIBILITY = YES;
				SWIFT_VERSION = 5.0;
				TARGETED_DEVICE_FAMILY = "1,2";
			};
			name = Debug;
		};
		CD23F73F2F2026C400C84427 /* Release */ = {
			isa = XCBuildConfiguration;
			buildSettings = {
				ASSETCATALOG_COMPILER_APPICON_NAME = AppIcon;
				ASSETCATALOG_COMPILER_GLOBAL_ACCENT_COLOR_NAME = AccentColor;
				CODE_SIGN_ENTITLEMENTS = "Spaced-Repetition/Spaced_Repetition.entitlements";
				CODE_SIGN_STYLE = Automatic;
				CURRENT_PROJECT_VERSION = 1;
				DEVELOPMENT_TEAM = S65C86TGF9;
				ENABLE_PREVIEWS = YES;
				GENERATE_INFOPLIST_FILE = YES;
				INFOPLIST_FILE = "Spaced-Repetition/Info.plist";
				INFOPLIST_KEY_UIApplicationSceneManifest_Generation = YES;
				INFOPLIST_KEY_UIApplicationSupportsIndirectInputEvents = YES;
				INFOPLIST_KEY_UILaunchScreen_Generation = YES;
				INFOPLIST_KEY_UISupportedInterfaceOrientations_iPad = "UIInterfaceOrientationPortrait UIInterfaceOrientationPortraitUpsideDown UIInterfaceOrientationLandscapeLeft UIInterfaceOrientationLandscapeRight";
				INFOPLIST_KEY_UISupportedInterfaceOrientations_iPhone = "UIInterfaceOrientationPortrait UIInterfaceOrientationLandscapeLeft UIInterfaceOrientationLandscapeRight";
				LD_RUNPATH_SEARCH_PATHS = (
					"$(inherited)",
					"@executable_path/Frameworks",
				);
				MARKETING_VERSION = 1.0;
				PRODUCT_BUNDLE_IDENTIFIER = "com.patrick.Spaced-Repetition";
				PRODUCT_NAME = "$(TARGET_NAME)";
				STRING_CATALOG_GENERATE_SYMBOLS = YES;
				SWIFT_APPROACHABLE_CONCURRENCY = YES;
				SWIFT_DEFAULT_ACTOR_ISOLATION = MainActor;
				SWIFT_EMIT_LOC_STRINGS = YES;
				SWIFT_UPCOMING_FEATURE_MEMBER_IMPORT_VISIBILITY = YES;
				SWIFT_VERSION = 5.0;
				TARGETED_DEVICE_FAMILY = "1,2";
			};
			name = Release;
		};
		CD23F7402F2026C400C84427 /* Debug */ = {
			isa = XCBuildConfiguration;
			buildSettings = {
				ALWAYS_SEARCH_USER_PATHS = NO;
				ASSETCATALOG_COMPILER_GENERATE_SWIFT_ASSET_SYMBOL_EXTENSIONS = YES;
				CLANG_ANALYZER_NONNULL = YES;
				CLANG_ANALYZER_NUMBER_OBJECT_CONVERSION = YES_AGGRESSIVE;
				CLANG_CXX_LANGUAGE_STANDARD = "gnu++20";
				CLANG_ENABLE_MODULES = YES;
				CLANG_ENABLE_OBJC_ARC = YES;
				CLANG_ENABLE_OBJC_WEAK = YES;
				CLANG_WARN_BLOCK_CAPTURE_AUTORELEASING = YES;
				CLANG_WARN_BOOL_CONVERSION = YES;
				CLANG_WARN_COMMA = YES;
				CLANG_WARN_CONSTANT_CONVERSION = YES;
				CLANG_WARN_DEPRECATED_OBJC_IMPLEMENTATIONS = YES;
				CLANG_WARN_DIRECT_OBJC_ISA_USAGE = YES_ERROR;
				CLANG_WARN_DOCUMENTATION_COMMENTS = YES;
				CLANG_WARN_EMPTY_BODY = YES;
				CLANG_WARN_ENUM_CONVERSION = YES;
				CLANG_WARN_INFINITE_RECURSION = YES;
				CLANG_WARN_INT_CONVERSION = YES;
				CLANG_WARN_NON_LITERAL_NULL_CONVERSION = YES;
				CLANG_WARN_OBJC_IMPLICIT_RETAIN_SELF = YES;
				CLANG_WARN_OBJC_LITERAL_CONVERSION = YES;
				CLANG_WARN_OBJC_ROOT_CLASS = YES_ERROR;
				CLANG_WARN_QUOTED_INCLUDE_IN_FRAMEWORK_HEADER = YES;
				CLANG_WARN_RANGE_LOOP_ANALYSIS = YES;
				CLANG_WARN_STRICT_PROTOTYPES = YES;
				CLANG_WARN_SUSPICIOUS_MOVE = YES;
				CLANG_WARN_UNGUARDED_AVAILABILITY = YES_AGGRESSIVE;
				CLANG_WARN_UNREACHABLE_CODE = YES;
				CLANG_WARN__DUPLICATE_METHOD_MATCH = YES;
				COPY_PHASE_STRIP = NO;
				DEBUG_INFORMATION_FORMAT = dwarf;
				DEVELOPMENT_TEAM = S65C86TGF9;
				ENABLE_STRICT_OBJC_MSGSEND = YES;
				ENABLE_TESTABILITY = YES;
				ENABLE_USER_SCRIPT_SANDBOXING = YES;
				GCC_C_LANGUAGE_STANDARD = gnu17;
				GCC_DYNAMIC_NO_PIC = NO;
				GCC_NO_COMMON_BLOCKS = YES;
				GCC_OPTIMIZATION_LEVEL = 0;
				GCC_PREPROCESSOR_DEFINITIONS = (
					"DEBUG=1",
					"$(inherited)",
				);
				GCC_WARN_64_TO_32_BIT_CONVERSION = YES;
				GCC_WARN_ABOUT_RETURN_TYPE = YES_ERROR;
				GCC_WARN_UNDECLARED_SELECTOR = YES;
				GCC_WARN_UNINITIALIZED_AUTOS = YES_AGGRESSIVE;
				GCC_WARN_UNUSED_FUNCTION = YES;
				GCC_WARN_UNUSED_VARIABLE = YES;
				IPHONEOS_DEPLOYMENT_TARGET = 26.2;
				LOCALIZATION_PREFERS_STRING_CATALOGS = YES;
				MTL_ENABLE_DEBUG_INFO = INCLUDE_SOURCE;
				MTL_FAST_MATH = YES;
				ONLY_ACTIVE_ARCH = YES;
				SDKROOT = iphoneos;
				SWIFT_ACTIVE_COMPILATION_CONDITIONS = "DEBUG $(inherited)";
				SWIFT_OPTIMIZATION_LEVEL = "-Onone";
			};
			name = Debug;
		};
		CD23F7412F2026C400C84427 /* Release */ = {
			isa = XCBuildConfiguration;
			buildSettings = {
				ALWAYS_SEARCH_USER_PATHS = NO;
				ASSETCATALOG_COMPILER_GENERATE_SWIFT_ASSET_SYMBOL_EXTENSIONS = YES;
				CLANG_ANALYZER_NONNULL = YES;
				CLANG_ANALYZER_NUMBER_OBJECT_CONVERSION = YES_AGGRESSIVE;
				CLANG_CXX_LANGUAGE_STANDARD = "gnu++20";
				CLANG_ENABLE_MODULES = YES;
				CLANG_ENABLE_OBJC_ARC = YES;
				CLANG_ENABLE_OBJC_WEAK = YES;
				CLANG_WARN_BLOCK_CAPTURE_AUTORELEASING = YES;
				CLANG_WARN_BOOL_CONVERSION = YES;
				CLANG_WARN_COMMA = YES;
				CLANG_WARN_CONSTANT_CONVERSION = YES;
				CLANG_WARN_DEPRECATED_OBJC_IMPLEMENTATIONS = YES;
				CLANG_WARN_DIRECT_OBJC_ISA_USAGE = YES_ERROR;
				CLANG_WARN_DOCUMENTATION_COMMENTS = YES;
				CLANG_WARN_EMPTY_BODY = YES;
				CLANG_WARN_ENUM_CONVERSION = YES;
				CLANG_WARN_INFINITE_RECURSION = YES;
				CLANG_WARN_INT_CONVERSION = YES;
				CLANG_WARN_NON_LITERAL_NULL_CONVERSION = YES;
				CLANG_WARN_OBJC_IMPLICIT_RETAIN_SELF = YES;
				CLANG_WARN_OBJC_LITERAL_CONVERSION = YES;
				CLANG_WARN_OBJC_ROOT_CLASS = YES_ERROR;
				CLANG_WARN_QUOTED_INCLUDE_IN_FRAMEWORK_HEADER = YES;
				CLANG_WARN_RANGE_LOOP_ANALYSIS = YES;
				CLANG_WARN_STRICT_PROTOTYPES = YES;
				CLANG_WARN_SUSPICIOUS_MOVE = YES;
				CLANG_WARN_UNGUARDED_AVAILABILITY = YES_AGGRESSIVE;
				CLANG_WARN_UNREACHABLE_CODE = YES;
				CLANG_WARN__DUPLICATE_METHOD_MATCH = YES;
				COPY_PHASE_STRIP = NO;
				DEBUG_INFORMATION_FORMAT = "dwarf-with-dsym";
				DEVELOPMENT_TEAM = S65C86TGF9;
				ENABLE_NS_ASSERTIONS = NO;
				ENABLE_STRICT_OBJC_MSGSEND = YES;
				ENABLE_USER_SCRIPT_SANDBOXING = YES;
				GCC_C_LANGUAGE_STANDARD = gnu17;
				GCC_NO_COMMON_BLOCKS = YES;
				GCC_WARN_64_TO_32_BIT_CONVERSION = YES;
				GCC_WARN_ABOUT_RETURN_TYPE = YES_ERROR;
				GCC_WARN_UNDECLARED_SELECTOR = YES;
				GCC_WARN_UNINITIALIZED_AUTOS = YES_AGGRESSIVE;
				GCC_WARN_UNUSED_FUNCTION = YES;
				GCC_WARN_UNUSED_VARIABLE = YES;
				IPHONEOS_DEPLOYMENT_TARGET = 26.2;
				LOCALIZATION_PREFERS_STRING_CATALOGS = YES;
				MTL_ENABLE_DEBUG_INFO = NO;
				MTL_FAST_MATH = YES;
				SDKROOT = iphoneos;
				SWIFT_COMPILATION_MODE = wholemodule;
				VALIDATE_PRODUCT = YES;
			};
			name = Release;
		};
		CD23F7432F2026C400C84427 /* Debug */ = {
			isa = XCBuildConfiguration;
			buildSettings = {
				BUNDLE_LOADER = "$(TEST_HOST)";
				CODE_SIGN_STYLE = Automatic;
				CURRENT_PROJECT_VERSION = 1;
				DEVELOPMENT_TEAM = S65C86TGF9;
				GENERATE_INFOPLIST_FILE = YES;
				IPHONEOS_DEPLOYMENT_TARGET = 26.2;
				MARKETING_VERSION = 1.0;
				PRODUCT_BUNDLE_IDENTIFIER = "com.patrick.Spaced-RepetitionTests";
				PRODUCT_NAME = "$(TARGET_NAME)";
				STRING_CATALOG_GENERATE_SYMBOLS = NO;
				SWIFT_APPROACHABLE_CONCURRENCY = YES;
				SWIFT_EMIT_LOC_STRINGS = NO;
				SWIFT_UPCOMING_FEATURE_MEMBER_IMPORT_VISIBILITY = YES;
				SWIFT_VERSION = 5.0;
				TARGETED_DEVICE_FAMILY = "1,2";
				TEST_HOST = "$(BUILT_PRODUCTS_DIR)/Spaced-Repetition.app/$(BUNDLE_EXECUTABLE_FOLDER_PATH)/Spaced-Repetition";
			};
			name = Debug;
		};
		CD23F7442F2026C400C84427 /* Release */ = {
			isa = XCBuildConfiguration;
			buildSettings = {
				BUNDLE_LOADER = "$(TEST_HOST)";
				CODE_SIGN_STYLE = Automatic;
				CURRENT_PROJECT_VERSION = 1;
				DEVELOPMENT_TEAM = S65C86TGF9;
				GENERATE_INFOPLIST_FILE = YES;
				IPHONEOS_DEPLOYMENT_TARGET = 26.2;
				MARKETING_VERSION = 1.0;
				PRODUCT_BUNDLE_IDENTIFIER = "com.patrick.Spaced-RepetitionTests";
				PRODUCT_NAME = "$(TARGET_NAME)";
				STRING_CATALOG_GENERATE_SYMBOLS = NO;
				SWIFT_APPROACHABLE_CONCURRENCY = YES;
				SWIFT_EMIT_LOC_STRINGS = NO;
				SWIFT_UPCOMING_FEATURE_MEMBER_IMPORT_VISIBILITY = YES;
				SWIFT_VERSION = 5.0;
				TARGETED_DEVICE_FAMILY = "1,2";
				TEST_HOST = "$(BUILT_PRODUCTS_DIR)/Spaced-Repetition.app/$(BUNDLE_EXECUTABLE_FOLDER_PATH)/Spaced-Repetition";
			};
			name = Release;
		};
		CD23F7462F2026C400C84427 /* Debug */ = {
			isa = XCBuildConfiguration;
			buildSettings = {
				CODE_SIGN_STYLE = Automatic;
				CURRENT_PROJECT_VERSION = 1;
				DEVELOPMENT_TEAM = S65C86TGF9;
				GENERATE_INFOPLIST_FILE = YES;
				MARKETING_VERSION = 1.0;
				PRODUCT_BUNDLE_IDENTIFIER = "com.patrick.Spaced-RepetitionUITests";
				PRODUCT_NAME = "$(TARGET_NAME)";
				STRING_CATALOG_GENERATE_SYMBOLS = NO;
				SWIFT_APPROACHABLE_CONCURRENCY = YES;
				SWIFT_EMIT_LOC_STRINGS = NO;
				SWIFT_UPCOMING_FEATURE_MEMBER_IMPORT_VISIBILITY = YES;
				SWIFT_VERSION = 5.0;
				TARGETED_DEVICE_FAMILY = "1,2";
				TEST_TARGET_NAME = "Spaced-Repetition";
			};
			name = Debug;
		};
		CD23F7472F2026C400C84427 /* Release */ = {
			isa = XCBuildConfiguration;
			buildSettings = {
				CODE_SIGN_STYLE = Automatic;
				CURRENT_PROJECT_VERSION = 1;
				DEVELOPMENT_TEAM = S65C86TGF9;
				GENERATE_INFOPLIST_FILE = YES;
				MARKETING_VERSION = 1.0;
				PRODUCT_BUNDLE_IDENTIFIER = "com.patrick.Spaced-RepetitionUITests";
				PRODUCT_NAME = "$(TARGET_NAME)";
				STRING_CATALOG_GENERATE_SYMBOLS = NO;
				SWIFT_APPROACHABLE_CONCURRENCY = YES;
				SWIFT_EMIT_LOC_STRINGS = NO;
				SWIFT_UPCOMING_FEATURE_MEMBER_IMPORT_VISIBILITY = YES;
				SWIFT_VERSION = 5.0;
				TARGETED_DEVICE_FAMILY = "1,2";
				TEST_TARGET_NAME = "Spaced-Repetition";
			};
			name = Release;
		};
/* End XCBuildConfiguration section */

/* Begin XCConfigurationList section */
		CD23F7142F2026C300C84427 /* Build configuration list for PBXProject "Spaced-Repetition" */ = {
			isa = XCConfigurationList;
			buildConfigurations = (
				CD23F7402F2026C400C84427 /* Debug */,
				CD23F7412F2026C400C84427 /* Release */,
			);
			defaultConfigurationIsVisible = 0;
			defaultConfigurationName = Release;
		};
		CD23F73D2F2026C400C84427 /* Build configuration list for PBXNativeTarget "Spaced-Repetition" */ = {
			isa = XCConfigurationList;
			buildConfigurations = (
				CD23F73E2F2026C400C84427 /* Debug */,
				CD23F73F2F2026C400C84427 /* Release */,
			);
			defaultConfigurationIsVisible = 0;
			defaultConfigurationName = Release;
		};
		CD23F7422F2026C400C84427 /* Build configuration list for PBXNativeTarget "Spaced-RepetitionTests" */ = {
			isa = XCConfigurationList;
			buildConfigurations = (
				CD23F7432F2026C400C84427 /* Debug */,
				CD23F7442F2026C400C84427 /* Release */,
			);
			defaultConfigurationIsVisible = 0;
			defaultConfigurationName = Release;
		};
		CD23F7452F2026C400C84427 /* Build configuration list for PBXNativeTarget "Spaced-RepetitionUITests" */ = {
			isa = XCConfigurationList;
			buildConfigurations = (
				CD23F7462F2026C400C84427 /* Debug */,
				CD23F7472F2026C400C84427 /* Release */,
			);
			defaultConfigurationIsVisible = 0;
			defaultConfigurationName = Release;
		};
/* End XCConfigurationList section */

/* Begin XCRemoteSwiftPackageReference section */
		CD23F77B2F207C4F00C84427 /* XCRemoteSwiftPackageReference "swift-composable-architecture" */ = {
			isa = XCRemoteSwiftPackageReference;
			repositoryURL = "https://github.com/pointfreeco/swift-composable-architecture";
			requirement = {
				kind = upToNextMajorVersion;
				minimumVersion = 1.23.1;
			};
		};
/* End XCRemoteSwiftPackageReference section */

/* Begin XCSwiftPackageProductDependency section */
		CD23F77D2F207D1100C84427 /* ComposableArchitecture */ = {
			isa = XCSwiftPackageProductDependency;
			package = CD23F77B2F207C4F00C84427 /* XCRemoteSwiftPackageReference "swift-composable-architecture" */;
			productName = ComposableArchitecture;
		};
/* End XCSwiftPackageProductDependency section */
	};
	rootObject = CD23F7112F2026C300C84427 /* Project object */;
}
